// !$*UTF8*$!
{
	archiveVersion = 1;
	classes = {
	};
	objectVersion = 55;
	objects = {

/* Begin PBXBuildFile section */
		018BC4BD2848090500D5805B /* AppDelegate.swift in Sources */ = {isa = PBXBuildFile; fileRef = 018BC4BC2848090500D5805B /* AppDelegate.swift */; };
		018BC4BF2848090500D5805B /* SceneDelegate.swift in Sources */ = {isa = PBXBuildFile; fileRef = 018BC4BE2848090500D5805B /* SceneDelegate.swift */; };
		018BC4C12848090500D5805B /* TabBarViewController.swift in Sources */ = {isa = PBXBuildFile; fileRef = 018BC4C02848090500D5805B /* TabBarViewController.swift */; };
		018BC4C62848090700D5805B /* Assets.xcassets in Resources */ = {isa = PBXBuildFile; fileRef = 018BC4C52848090700D5805B /* Assets.xcassets */; };
		018BC4C92848090700D5805B /* LaunchScreen.storyboard in Resources */ = {isa = PBXBuildFile; fileRef = 018BC4C72848090700D5805B /* LaunchScreen.storyboard */; };
		018BC4D328480F0800D5805B /* HomeViewController.swift in Sources */ = {isa = PBXBuildFile; fileRef = 018BC4D228480F0800D5805B /* HomeViewController.swift */; };
		018BC4D628480FDE00D5805B /* Constants.swift in Sources */ = {isa = PBXBuildFile; fileRef = 018BC4D528480FDE00D5805B /* Constants.swift */; };
		018BC4D82848104500D5805B /* ShortsViewController.swift in Sources */ = {isa = PBXBuildFile; fileRef = 018BC4D72848104500D5805B /* ShortsViewController.swift */; };
		018BC4DA2848108700D5805B /* SubscriptionsViewController.swift in Sources */ = {isa = PBXBuildFile; fileRef = 018BC4D92848108700D5805B /* SubscriptionsViewController.swift */; };
		018BC4DC2848113900D5805B /* LibraryViewController.swift in Sources */ = {isa = PBXBuildFile; fileRef = 018BC4DB2848113900D5805B /* LibraryViewController.swift */; };
		018BC4DE28481C6300D5805B /* CreateViewController.swift in Sources */ = {isa = PBXBuildFile; fileRef = 018BC4DD28481C6300D5805B /* CreateViewController.swift */; };
		01B714F3284C44210087E838 /* CreateViewLine.swift in Sources */ = {isa = PBXBuildFile; fileRef = 01B714F2284C44210087E838 /* CreateViewLine.swift */; };
		01B74597284A8C8700083457 /* MPController.swift in Sources */ = {isa = PBXBuildFile; fileRef = 01B74596284A8C8700083457 /* MPController.swift */; };
		01B7459A284BC3FD00083457 /* TinyConstraints in Frameworks */ = {isa = PBXBuildFile; productRef = 01B74599284BC3FD00083457 /* TinyConstraints */; };
/* End PBXBuildFile section */

/* Begin PBXFileReference section */
		018BC4B92848090500D5805B /* UIKit-Youtube-Clone.app */ = {isa = PBXFileReference; explicitFileType = wrapper.application; includeInIndex = 0; path = "UIKit-Youtube-Clone.app"; sourceTree = BUILT_PRODUCTS_DIR; };
		018BC4BC2848090500D5805B /* AppDelegate.swift */ = {isa = PBXFileReference; lastKnownFileType = sourcecode.swift; path = AppDelegate.swift; sourceTree = "<group>"; };
		018BC4BE2848090500D5805B /* SceneDelegate.swift */ = {isa = PBXFileReference; lastKnownFileType = sourcecode.swift; path = SceneDelegate.swift; sourceTree = "<group>"; };
		018BC4C02848090500D5805B /* TabBarViewController.swift */ = {isa = PBXFileReference; lastKnownFileType = sourcecode.swift; path = TabBarViewController.swift; sourceTree = "<group>"; };
		018BC4C52848090700D5805B /* Assets.xcassets */ = {isa = PBXFileReference; lastKnownFileType = folder.assetcatalog; path = Assets.xcassets; sourceTree = "<group>"; };
		018BC4C82848090700D5805B /* Base */ = {isa = PBXFileReference; lastKnownFileType = file.storyboard; name = Base; path = Base.lproj/LaunchScreen.storyboard; sourceTree = "<group>"; };
		018BC4CA2848090700D5805B /* Info.plist */ = {isa = PBXFileReference; lastKnownFileType = text.plist.xml; path = Info.plist; sourceTree = "<group>"; };
		018BC4D228480F0800D5805B /* HomeViewController.swift */ = {isa = PBXFileReference; lastKnownFileType = sourcecode.swift; path = HomeViewController.swift; sourceTree = "<group>"; };
		018BC4D528480FDE00D5805B /* Constants.swift */ = {isa = PBXFileReference; lastKnownFileType = sourcecode.swift; path = Constants.swift; sourceTree = "<group>"; };
		018BC4D72848104500D5805B /* ShortsViewController.swift */ = {isa = PBXFileReference; lastKnownFileType = sourcecode.swift; path = ShortsViewController.swift; sourceTree = "<group>"; };
		018BC4D92848108700D5805B /* SubscriptionsViewController.swift */ = {isa = PBXFileReference; lastKnownFileType = sourcecode.swift; path = SubscriptionsViewController.swift; sourceTree = "<group>"; };
		018BC4DB2848113900D5805B /* LibraryViewController.swift */ = {isa = PBXFileReference; lastKnownFileType = sourcecode.swift; path = LibraryViewController.swift; sourceTree = "<group>"; };
		018BC4DD28481C6300D5805B /* CreateViewController.swift */ = {isa = PBXFileReference; lastKnownFileType = sourcecode.swift; path = CreateViewController.swift; sourceTree = "<group>"; };
		01B714F2284C44210087E838 /* CreateViewLine.swift */ = {isa = PBXFileReference; lastKnownFileType = sourcecode.swift; path = CreateViewLine.swift; sourceTree = "<group>"; };
		01B74596284A8C8700083457 /* MPController.swift */ = {isa = PBXFileReference; lastKnownFileType = sourcecode.swift; path = MPController.swift; sourceTree = "<group>"; };
/* End PBXFileReference section */

/* Begin PBXFrameworksBuildPhase section */
		018BC4B62848090500D5805B /* Frameworks */ = {
			isa = PBXFrameworksBuildPhase;
			buildActionMask = 2147483647;
			files = (
				01B7459A284BC3FD00083457 /* TinyConstraints in Frameworks */,
			);
			runOnlyForDeploymentPostprocessing = 0;
		};
/* End PBXFrameworksBuildPhase section */

/* Begin PBXGroup section */
		018BC4B02848090500D5805B = {
			isa = PBXGroup;
			children = (
				018BC4BB2848090500D5805B /* UIKit-Youtube-Clone */,
				018BC4BA2848090500D5805B /* Products */,
			);
			sourceTree = "<group>";
		};
		018BC4BA2848090500D5805B /* Products */ = {
			isa = PBXGroup;
			children = (
				018BC4B92848090500D5805B /* UIKit-Youtube-Clone.app */,
			);
			name = Products;
			sourceTree = "<group>";
		};
		018BC4BB2848090500D5805B /* UIKit-Youtube-Clone */ = {
			isa = PBXGroup;
			children = (
				018BC4D428480FD100D5805B /* Utilities */,
				018BC4D028480E3300D5805B /* Views */,
				018BC4BC2848090500D5805B /* AppDelegate.swift */,
				018BC4BE2848090500D5805B /* SceneDelegate.swift */,
				018BC4C52848090700D5805B /* Assets.xcassets */,
				018BC4C72848090700D5805B /* LaunchScreen.storyboard */,
				018BC4CA2848090700D5805B /* Info.plist */,
			);
			path = "UIKit-Youtube-Clone";
			sourceTree = "<group>";
		};
		018BC4D028480E3300D5805B /* Views */ = {
			isa = PBXGroup;
			children = (
				018BC4DF2848BD9F00D5805B /* Custom */,
				018BC4D128480E6E00D5805B /* Core */,
				018BC4C02848090500D5805B /* TabBarViewController.swift */,
			);
			path = Views;
			sourceTree = "<group>";
		};
		018BC4D128480E6E00D5805B /* Core */ = {
			isa = PBXGroup;
			children = (
				018BC4D228480F0800D5805B /* HomeViewController.swift */,
				018BC4D72848104500D5805B /* ShortsViewController.swift */,
				018BC4D92848108700D5805B /* SubscriptionsViewController.swift */,
				018BC4DB2848113900D5805B /* LibraryViewController.swift */,
				018BC4DD28481C6300D5805B /* CreateViewController.swift */,
			);
			path = Core;
			sourceTree = "<group>";
		};
		018BC4D428480FD100D5805B /* Utilities */ = {
			isa = PBXGroup;
			children = (
				01B714F1284C43FB0087E838 /* Enumerations */,
				018BC4D528480FDE00D5805B /* Constants.swift */,
			);
			path = Utilities;
			sourceTree = "<group>";
		};
		018BC4DF2848BD9F00D5805B /* Custom */ = {
			isa = PBXGroup;
			children = (
				01B74596284A8C8700083457 /* MPController.swift */,
			);
			path = Custom;
			sourceTree = "<group>";
		};
		01B714F1284C43FB0087E838 /* Enumerations */ = {
			isa = PBXGroup;
			children = (
				01B714F2284C44210087E838 /* CreateViewLine.swift */,
			);
			path = Enumerations;
			sourceTree = "<group>";
		};
/* End PBXGroup section */

/* Begin PBXNativeTarget section */
		018BC4B82848090500D5805B /* UIKit-Youtube-Clone */ = {
			isa = PBXNativeTarget;
			buildConfigurationList = 018BC4CD2848090700D5805B /* Build configuration list for PBXNativeTarget "UIKit-Youtube-Clone" */;
			buildPhases = (
				018BC4B52848090500D5805B /* Sources */,
				018BC4B62848090500D5805B /* Frameworks */,
				018BC4B72848090500D5805B /* Resources */,
			);
			buildRules = (
			);
			dependencies = (
			);
			name = "UIKit-Youtube-Clone";
			packageProductDependencies = (
				01B74599284BC3FD00083457 /* TinyConstraints */,
			);
			productName = "UIKit-Youtube-Clone";
			productReference = 018BC4B92848090500D5805B /* UIKit-Youtube-Clone.app */;
			productType = "com.apple.product-type.application";
		};
/* End PBXNativeTarget section */

/* Begin PBXProject section */
		018BC4B12848090500D5805B /* Project object */ = {
			isa = PBXProject;
			attributes = {
				BuildIndependentTargetsInParallel = 1;
				LastSwiftUpdateCheck = 1330;
				LastUpgradeCheck = 1330;
				TargetAttributes = {
					018BC4B82848090500D5805B = {
						CreatedOnToolsVersion = 13.3.1;
					};
				};
			};
			buildConfigurationList = 018BC4B42848090500D5805B /* Build configuration list for PBXProject "UIKit-Youtube-Clone" */;
			compatibilityVersion = "Xcode 13.0";
			developmentRegion = en;
			hasScannedForEncodings = 0;
			knownRegions = (
				en,
				Base,
			);
			mainGroup = 018BC4B02848090500D5805B;
			packageReferences = (
				01B74598284BC3FD00083457 /* XCRemoteSwiftPackageReference "TinyConstraints" */,
			);
			productRefGroup = 018BC4BA2848090500D5805B /* Products */;
			projectDirPath = "";
			projectRoot = "";
			targets = (
				018BC4B82848090500D5805B /* UIKit-Youtube-Clone */,
			);
		};
/* End PBXProject section */

/* Begin PBXResourcesBuildPhase section */
		018BC4B72848090500D5805B /* Resources */ = {
			isa = PBXResourcesBuildPhase;
			buildActionMask = 2147483647;
			files = (
				018BC4C92848090700D5805B /* LaunchScreen.storyboard in Resources */,
				018BC4C62848090700D5805B /* Assets.xcassets in Resources */,
			);
			runOnlyForDeploymentPostprocessing = 0;
		};
/* End PBXResourcesBuildPhase section */

/* Begin PBXSourcesBuildPhase section */
		018BC4B52848090500D5805B /* Sources */ = {
			isa = PBXSourcesBuildPhase;
			buildActionMask = 2147483647;
			files = (
				018BC4D628480FDE00D5805B /* Constants.swift in Sources */,
				018BC4D328480F0800D5805B /* HomeViewController.swift in Sources */,
				01B74597284A8C8700083457 /* MPController.swift in Sources */,
				018BC4DE28481C6300D5805B /* CreateViewController.swift in Sources */,
				018BC4DC2848113900D5805B /* LibraryViewController.swift in Sources */,
				01B714F3284C44210087E838 /* CreateViewLine.swift in Sources */,
				018BC4C12848090500D5805B /* TabBarViewController.swift in Sources */,
				018BC4D82848104500D5805B /* ShortsViewController.swift in Sources */,
				018BC4BD2848090500D5805B /* AppDelegate.swift in Sources */,
				018BC4BF2848090500D5805B /* SceneDelegate.swift in Sources */,
				018BC4DA2848108700D5805B /* SubscriptionsViewController.swift in Sources */,
			);
			runOnlyForDeploymentPostprocessing = 0;
		};
/* End PBXSourcesBuildPhase section */

/* Begin PBXVariantGroup section */
		018BC4C72848090700D5805B /* LaunchScreen.storyboard */ = {
			isa = PBXVariantGroup;
			children = (
				018BC4C82848090700D5805B /* Base */,
			);
			name = LaunchScreen.storyboard;
			sourceTree = "<group>";
		};
/* End PBXVariantGroup section */

/* Begin XCBuildConfiguration section */
		018BC4CB2848090700D5805B /* Debug */ = {
			isa = XCBuildConfiguration;
			buildSettings = {
				ALWAYS_SEARCH_USER_PATHS = NO;
				CLANG_ANALYZER_NONNULL = YES;
				CLANG_ANALYZER_NUMBER_OBJECT_CONVERSION = YES_AGGRESSIVE;
				CLANG_CXX_LANGUAGE_STANDARD = "gnu++17";
				CLANG_ENABLE_MODULES = YES;
				CLANG_ENABLE_OBJC_ARC = YES;
				CLANG_ENABLE_OBJC_WEAK = YES;
				CLANG_WARN_BLOCK_CAPTURE_AUTORELEASING = YES;
				CLANG_WARN_BOOL_CONVERSION = YES;
				CLANG_WARN_COMMA = YES;
				CLANG_WARN_CONSTANT_CONVERSION = YES;
				CLANG_WARN_DEPRECATED_OBJC_IMPLEMENTATIONS = YES;
				CLANG_WARN_DIRECT_OBJC_ISA_USAGE = YES_ERROR;
				CLANG_WARN_DOCUMENTATION_COMMENTS = YES;
				CLANG_WARN_EMPTY_BODY = YES;
				CLANG_WARN_ENUM_CONVERSION = YES;
				CLANG_WARN_INFINITE_RECURSION = YES;
				CLANG_WARN_INT_CONVERSION = YES;
				CLANG_WARN_NON_LITERAL_NULL_CONVERSION = YES;
				CLANG_WARN_OBJC_IMPLICIT_RETAIN_SELF = YES;
				CLANG_WARN_OBJC_LITERAL_CONVERSION = YES;
				CLANG_WARN_OBJC_ROOT_CLASS = YES_ERROR;
				CLANG_WARN_QUOTED_INCLUDE_IN_FRAMEWORK_HEADER = YES;
				CLANG_WARN_RANGE_LOOP_ANALYSIS = YES;
				CLANG_WARN_STRICT_PROTOTYPES = YES;
				CLANG_WARN_SUSPICIOUS_MOVE = YES;
				CLANG_WARN_UNGUARDED_AVAILABILITY = YES_AGGRESSIVE;
				CLANG_WARN_UNREACHABLE_CODE = YES;
				CLANG_WARN__DUPLICATE_METHOD_MATCH = YES;
				COPY_PHASE_STRIP = NO;
				DEBUG_INFORMATION_FORMAT = dwarf;
				ENABLE_STRICT_OBJC_MSGSEND = YES;
				ENABLE_TESTABILITY = YES;
				GCC_C_LANGUAGE_STANDARD = gnu11;
				GCC_DYNAMIC_NO_PIC = NO;
				GCC_NO_COMMON_BLOCKS = YES;
				GCC_OPTIMIZATION_LEVEL = 0;
				GCC_PREPROCESSOR_DEFINITIONS = (
					"DEBUG=1",
					"$(inherited)",
				);
				GCC_WARN_64_TO_32_BIT_CONVERSION = YES;
				GCC_WARN_ABOUT_RETURN_TYPE = YES_ERROR;
				GCC_WARN_UNDECLARED_SELECTOR = YES;
				GCC_WARN_UNINITIALIZED_AUTOS = YES_AGGRESSIVE;
				GCC_WARN_UNUSED_FUNCTION = YES;
				GCC_WARN_UNUSED_VARIABLE = YES;
				IPHONEOS_DEPLOYMENT_TARGET = 15.4;
				MTL_ENABLE_DEBUG_INFO = INCLUDE_SOURCE;
				MTL_FAST_MATH = YES;
				ONLY_ACTIVE_ARCH = YES;
				SDKROOT = iphoneos;
				SWIFT_ACTIVE_COMPILATION_CONDITIONS = DEBUG;
				SWIFT_OPTIMIZATION_LEVEL = "-Onone";
			};
			name = Debug;
		};
		018BC4CC2848090700D5805B /* Release */ = {
			isa = XCBuildConfiguration;
			buildSettings = {
				ALWAYS_SEARCH_USER_PATHS = NO;
				CLANG_ANALYZER_NONNULL = YES;
				CLANG_ANALYZER_NUMBER_OBJECT_CONVERSION = YES_AGGRESSIVE;
				CLANG_CXX_LANGUAGE_STANDARD = "gnu++17";
				CLANG_ENABLE_MODULES = YES;
				CLANG_ENABLE_OBJC_ARC = YES;
				CLANG_ENABLE_OBJC_WEAK = YES;
				CLANG_WARN_BLOCK_CAPTURE_AUTORELEASING = YES;
				CLANG_WARN_BOOL_CONVERSION = YES;
				CLANG_WARN_COMMA = YES;
				CLANG_WARN_CONSTANT_CONVERSION = YES;
				CLANG_WARN_DEPRECATED_OBJC_IMPLEMENTATIONS = YES;
				CLANG_WARN_DIRECT_OBJC_ISA_USAGE = YES_ERROR;
				CLANG_WARN_DOCUMENTATION_COMMENTS = YES;
				CLANG_WARN_EMPTY_BODY = YES;
				CLANG_WARN_ENUM_CONVERSION = YES;
				CLANG_WARN_INFINITE_RECURSION = YES;
				CLANG_WARN_INT_CONVERSION = YES;
				CLANG_WARN_NON_LITERAL_NULL_CONVERSION = YES;
				CLANG_WARN_OBJC_IMPLICIT_RETAIN_SELF = YES;
				CLANG_WARN_OBJC_LITERAL_CONVERSION = YES;
				CLANG_WARN_OBJC_ROOT_CLASS = YES_ERROR;
				CLANG_WARN_QUOTED_INCLUDE_IN_FRAMEWORK_HEADER = YES;
				CLANG_WARN_RANGE_LOOP_ANALYSIS = YES;
				CLANG_WARN_STRICT_PROTOTYPES = YES;
				CLANG_WARN_SUSPICIOUS_MOVE = YES;
				CLANG_WARN_UNGUARDED_AVAILABILITY = YES_AGGRESSIVE;
				CLANG_WARN_UNREACHABLE_CODE = YES;
				CLANG_WARN__DUPLICATE_METHOD_MATCH = YES;
				COPY_PHASE_STRIP = NO;
				DEBUG_INFORMATION_FORMAT = "dwarf-with-dsym";
				ENABLE_NS_ASSERTIONS = NO;
				ENABLE_STRICT_OBJC_MSGSEND = YES;
				GCC_C_LANGUAGE_STANDARD = gnu11;
				GCC_NO_COMMON_BLOCKS = YES;
				GCC_WARN_64_TO_32_BIT_CONVERSION = YES;
				GCC_WARN_ABOUT_RETURN_TYPE = YES_ERROR;
				GCC_WARN_UNDECLARED_SELECTOR = YES;
				GCC_WARN_UNINITIALIZED_AUTOS = YES_AGGRESSIVE;
				GCC_WARN_UNUSED_FUNCTION = YES;
				GCC_WARN_UNUSED_VARIABLE = YES;
				IPHONEOS_DEPLOYMENT_TARGET = 15.4;
				MTL_ENABLE_DEBUG_INFO = NO;
				MTL_FAST_MATH = YES;
				SDKROOT = iphoneos;
				SWIFT_COMPILATION_MODE = wholemodule;
				SWIFT_OPTIMIZATION_LEVEL = "-O";
				VALIDATE_PRODUCT = YES;
			};
			name = Release;
		};
		018BC4CE2848090700D5805B /* Debug */ = {
			isa = XCBuildConfiguration;
			buildSettings = {
				ASSETCATALOG_COMPILER_APPICON_NAME = AppIcon;
				ASSETCATALOG_COMPILER_GLOBAL_ACCENT_COLOR_NAME = AccentColor;
				CODE_SIGN_STYLE = Automatic;
				CURRENT_PROJECT_VERSION = 1;
				GENERATE_INFOPLIST_FILE = YES;
				INFOPLIST_FILE = "UIKit-Youtube-Clone/Info.plist";
				INFOPLIST_KEY_UIApplicationSupportsIndirectInputEvents = YES;
				INFOPLIST_KEY_UILaunchStoryboardName = LaunchScreen;
				INFOPLIST_KEY_UISupportedInterfaceOrientations_iPad = "UIInterfaceOrientationPortrait UIInterfaceOrientationPortraitUpsideDown UIInterfaceOrientationLandscapeLeft UIInterfaceOrientationLandscapeRight";
				INFOPLIST_KEY_UISupportedInterfaceOrientations_iPhone = "UIInterfaceOrientationPortrait UIInterfaceOrientationLandscapeLeft UIInterfaceOrientationLandscapeRight";
				LD_RUNPATH_SEARCH_PATHS = (
					"$(inherited)",
					"@executable_path/Frameworks",
				);
				MARKETING_VERSION = 1.0;
				PRODUCT_BUNDLE_IDENTIFIER = "com.yilmaz.UIKit-Youtube-Clone";
				PRODUCT_NAME = "$(TARGET_NAME)";
				SWIFT_EMIT_LOC_STRINGS = YES;
				SWIFT_VERSION = 5.0;
				TARGETED_DEVICE_FAMILY = "1,2";
			};
			name = Debug;
		};
		018BC4CF2848090700D5805B /* Release */ = {
			isa = XCBuildConfiguration;
			buildSettings = {
				ASSETCATALOG_COMPILER_APPICON_NAME = AppIcon;
				ASSETCATALOG_COMPILER_GLOBAL_ACCENT_COLOR_NAME = AccentColor;
				CODE_SIGN_STYLE = Automatic;
				CURRENT_PROJECT_VERSION = 1;
				GENERATE_INFOPLIST_FILE = YES;
				INFOPLIST_FILE = "UIKit-Youtube-Clone/Info.plist";
				INFOPLIST_KEY_UIApplicationSupportsIndirectInputEvents = YES;
				INFOPLIST_KEY_UILaunchStoryboardName = LaunchScreen;
				INFOPLIST_KEY_UISupportedInterfaceOrientations_iPad = "UIInterfaceOrientationPortrait UIInterfaceOrientationPortraitUpsideDown UIInterfaceOrientationLandscapeLeft UIInterfaceOrientationLandscapeRight";
				INFOPLIST_KEY_UISupportedInterfaceOrientations_iPhone = "UIInterfaceOrientationPortrait UIInterfaceOrientationLandscapeLeft UIInterfaceOrientationLandscapeRight";
				LD_RUNPATH_SEARCH_PATHS = (
					"$(inherited)",
					"@executable_path/Frameworks",
				);
				MARKETING_VERSION = 1.0;
				PRODUCT_BUNDLE_IDENTIFIER = "com.yilmaz.UIKit-Youtube-Clone";
				PRODUCT_NAME = "$(TARGET_NAME)";
				SWIFT_EMIT_LOC_STRINGS = YES;
				SWIFT_VERSION = 5.0;
				TARGETED_DEVICE_FAMILY = "1,2";
			};
			name = Release;
		};
/* End XCBuildConfiguration section */

/* Begin XCConfigurationList section */
		018BC4B42848090500D5805B /* Build configuration list for PBXProject "UIKit-Youtube-Clone" */ = {
			isa = XCConfigurationList;
			buildConfigurations = (
				018BC4CB2848090700D5805B /* Debug */,
				018BC4CC2848090700D5805B /* Release */,
			);
			defaultConfigurationIsVisible = 0;
			defaultConfigurationName = Release;
		};
		018BC4CD2848090700D5805B /* Build configuration list for PBXNativeTarget "UIKit-Youtube-Clone" */ = {
			isa = XCConfigurationList;
			buildConfigurations = (
				018BC4CE2848090700D5805B /* Debug */,
				018BC4CF2848090700D5805B /* Release */,
			);
			defaultConfigurationIsVisible = 0;
			defaultConfigurationName = Release;
		};
/* End XCConfigurationList section */

/* Begin XCRemoteSwiftPackageReference section */
		01B74598284BC3FD00083457 /* XCRemoteSwiftPackageReference "TinyConstraints" */ = {
			isa = XCRemoteSwiftPackageReference;
			repositoryURL = "https://github.com/roberthein/TinyConstraints.git";
			requirement = {
				kind = upToNextMajorVersion;
				minimumVersion = 4.0.0;
			};
		};
/* End XCRemoteSwiftPackageReference section */

/* Begin XCSwiftPackageProductDependency section */
		01B74599284BC3FD00083457 /* TinyConstraints */ = {
			isa = XCSwiftPackageProductDependency;
			package = 01B74598284BC3FD00083457 /* XCRemoteSwiftPackageReference "TinyConstraints" */;
			productName = TinyConstraints;
		};
/* End XCSwiftPackageProductDependency section */
	};
	rootObject = 018BC4B12848090500D5805B /* Project object */;
}
